// !$*UTF8*$!
{
	archiveVersion = 1;
	classes = {};
	objectVersion = 56;
	objects = {

/* Begin PBXBuildFile section */
		5B1F6A655AB34AC1AF5CEF06 = {isa = PBXBuildFile; fileRef = 76EA12D2E4C9454FA071EDB2; };
		10A372D67B604F28B525031F = {isa = PBXBuildFile; fileRef = 1881052742614F509522253C; };
		33DA09096BDD4BADB66D3F01 = {isa = PBXBuildFile; fileRef = D35B984D5FC5482C8D6759C0; };
		3C3803904713446990DE595B = {isa = PBXBuildFile; fileRef = DB4DECCCE794475FA447BCC7; };
		8D468DD77FFD49929F1EB815 = {isa = PBXBuildFile; fileRef = B8BEA679E3564CCBB8671940; };
		C24A4C6BF9AF408497046293 = {isa = PBXBuildFile; fileRef = 7986D858BAAC4E8592689477; };
		FE9FB3ADC92D4A33B3B08E3F = {isa = PBXBuildFile; fileRef = 99A81AF8DEE84508AE0178C2; };
		A6550B0E49EF4DFEB37118A8 = {isa = PBXBuildFile; fileRef = BD37DD273D9545E58D88A835; };
		3C4F337ED7214E8587333907 = {isa = PBXBuildFile; fileRef = 0276C13D715740AFB981F8ED; };
		C8682E23ED6342F6AB32A6A4 = {isa = PBXBuildFile; fileRef = 8224377422534A3580365597; };
		CAB6518385C248A59ACBFB3D = {isa = PBXBuildFile; fileRef = 83AFEE8B5F6C456CACCB4CB7; };
		288C278218814DEE92E812C5 = {isa = PBXBuildFile; fileRef = E8D0DB9DEE714DA58A44FCB9; };
		AA1122334455667788990011 = {isa = PBXBuildFile; fileRef = BB1122334455667788990011; };
		F1A2B3C4D5E6F70891234567 = {isa = PBXBuildFile; fileRef = A1B2C3D4E5F6071891234567; };
/* End PBXBuildFile section */

/* Begin PBXFileReference section */
		76EA12D2E4C9454FA071EDB2 = {isa = PBXFileReference; lastKnownFileType = sourcecode.swift; path = "BlueprintsBarApp.swift"; sourceTree = "<group>"; };
		1881052742614F509522253C = {isa = PBXFileReference; lastKnownFileType = sourcecode.swift; path = "AppState.swift"; sourceTree = "<group>"; };
		D35B984D5FC5482C8D6759C0 = {isa = PBXFileReference; lastKnownFileType = sourcecode.swift; path = "Models.swift"; sourceTree = "<group>"; };
		DB4DECCCE794475FA447BCC7 = {isa = PBXFileReference; lastKnownFileType = sourcecode.swift; path = "BlueprintsClient.swift"; sourceTree = "<group>"; };
		B8BEA679E3564CCBB8671940 = {isa = PBXFileReference; lastKnownFileType = sourcecode.swift; path = "ContentView.swift"; sourceTree = "<group>"; };
		7986D858BAAC4E8592689477 = {isa = PBXFileReference; lastKnownFileType = sourcecode.swift; path = "ScopePickerView.swift"; sourceTree = "<group>"; };
		99A81AF8DEE84508AE0178C2 = {isa = PBXFileReference; lastKnownFileType = sourcecode.swift; path = "StackListView.swift"; sourceTree = "<group>"; };
		BD37DD273D9545E58D88A835 = {isa = PBXFileReference; lastKnownFileType = sourcecode.swift; path = "StackDetailView.swift"; sourceTree = "<group>"; };
		0276C13D715740AFB981F8ED = {isa = PBXFileReference; lastKnownFileType = sourcecode.swift; path = "ResourceDetailView.swift"; sourceTree = "<group>"; };
		8224377422534A3580365597 = {isa = PBXFileReference; lastKnownFileType = sourcecode.swift; path = "OperationDetailView.swift"; sourceTree = "<group>"; };
		83AFEE8B5F6C456CACCB4CB7 = {isa = PBXFileReference; lastKnownFileType = sourcecode.swift; path = "StatusIndicator.swift"; sourceTree = "<group>"; };
		E8D0DB9DEE714DA58A44FCB9 = {isa = PBXFileReference; lastKnownFileType = sourcecode.swift; path = "LogRowView.swift"; sourceTree = "<group>"; };
		09447D812BE7496BA12F8A32 = {isa = PBXFileReference; lastKnownFileType = text.plist.xml; path = "Info.plist"; sourceTree = "<group>"; };
		4E70E343851348089135604C = {isa = PBXFileReference; lastKnownFileType = text.plist.entitlements; path = "BlueprintsBar.entitlements"; sourceTree = "<group>"; };
		7E79EAD9EC4240138CC379C4 = {isa = PBXFileReference; explicitFileType = wrapper.application; includeInIndex = 0; path = BlueprintsBar.app; sourceTree = BUILT_PRODUCTS_DIR; };
		BB1122334455667788990011 = {isa = PBXFileReference; lastKnownFileType = folder.assetcatalog; path = "Assets.xcassets"; sourceTree = "<group>"; };
		A1B2C3D4E5F6071891234567 = {isa = PBXFileReference; lastKnownFileType = sourcecode.swift; path = "FunctionsClient.swift"; sourceTree = "<group>"; };
/* End PBXFileReference section */

/* Begin PBXFrameworksBuildPhase section */
		84C57F499A5240A5A0D022F8 = {isa = PBXFrameworksBuildPhase; buildActionMask = 2147483647; files = (); runOnlyForDeploymentPostprocessing = 0; };
/* End PBXFrameworksBuildPhase section */

/* Begin PBXGroup section */
		346D6FF493B9470094D1C6C6 = {isa = PBXGroup; children = (B148026BB51F495D9B338073, A63DC59DE4C04D85A98E4516); sourceTree = "<group>"; };
		A63DC59DE4C04D85A98E4516 = {isa = PBXGroup; children = (7E79EAD9EC4240138CC379C4); name = Products; sourceTree = "<group>"; };
		B148026BB51F495D9B338073 = {isa = PBXGroup; children = (76EA12D2E4C9454FA071EDB2, 1881052742614F509522253C, D35B984D5FC5482C8D6759C0, DB4DECCCE794475FA447BCC7, A1B2C3D4E5F6071891234567, 09447D812BE7496BA12F8A32, 4E70E343851348089135604C, BB1122334455667788990011, 79EBC035E3C04BA9A35FE5A1); path = BlueprintsBar; sourceTree = "<group>"; };
		79EBC035E3C04BA9A35FE5A1 = {isa = PBXGroup; children = (B8BEA679E3564CCBB8671940, 7986D858BAAC4E8592689477, 99A81AF8DEE84508AE0178C2, BD37DD273D9545E58D88A835, 0276C13D715740AFB981F8ED, 8224377422534A3580365597, 83AFEE8B5F6C456CACCB4CB7, E8D0DB9DEE714DA58A44FCB9); path = Views; sourceTree = "<group>"; };
/* End PBXGroup section */

/* Begin PBXNativeTarget section */
		27774B84EF094EA1AFB91C64 = {isa = PBXNativeTarget; buildConfigurationList = 7D4E5D17D86B46B1B0C4B3C6; buildPhases = (1C53EC3A44FC41029336475F, 84C57F499A5240A5A0D022F8, CC1122334455667788990011); buildRules = (); dependencies = (); name = BlueprintsBar; productName = BlueprintsBar; productReference = 7E79EAD9EC4240138CC379C4; productType = "com.apple.product-type.application"; };
/* End PBXNativeTarget section */

/* Begin PBXProject section */
		64AA580FC0E543ED81841A61 = {isa = PBXProject; buildConfigurationList = 95F61C3603664DC59A359131; compatibilityVersion = "Xcode 14.0"; developmentRegion = en; hasScannedForEncodings = 0; knownRegions = (en, Base); mainGroup = 346D6FF493B9470094D1C6C6; productRefGroup = A63DC59DE4C04D85A98E4516; projectDirPath = ""; projectRoot = ""; targets = (27774B84EF094EA1AFB91C64); };
/* End PBXProject section */

/* Begin PBXResourcesBuildPhase section */
		CC1122334455667788990011 = {isa = PBXResourcesBuildPhase; buildActionMask = 2147483647; files = (AA1122334455667788990011); runOnlyForDeploymentPostprocessing = 0; };
/* End PBXResourcesBuildPhase section */

/* Begin PBXSourcesBuildPhase section */
		1C53EC3A44FC41029336475F = {isa = PBXSourcesBuildPhase; buildActionMask = 2147483647; files = (5B1F6A655AB34AC1AF5CEF06, 10A372D67B604F28B525031F, 33DA09096BDD4BADB66D3F01, 3C3803904713446990DE595B, F1A2B3C4D5E6F70891234567, 8D468DD77FFD49929F1EB815, C24A4C6BF9AF408497046293, FE9FB3ADC92D4A33B3B08E3F, A6550B0E49EF4DFEB37118A8, 3C4F337ED7214E8587333907, C8682E23ED6342F6AB32A6A4, CAB6518385C248A59ACBFB3D, 288C278218814DEE92E812C5); runOnlyForDeploymentPostprocessing = 0; };
/* End PBXSourcesBuildPhase section */

/* Begin XCBuildConfiguration section */
		B46DD835705A47EF94704CAC = {isa = XCBuildConfiguration; buildSettings = {ALWAYS_SEARCH_USER_PATHS = NO; CLANG_ENABLE_MODULES = YES; COPY_PHASE_STRIP = NO; DEBUG_INFORMATION_FORMAT = dwarf; GCC_OPTIMIZATION_LEVEL = 0; ONLY_ACTIVE_ARCH = YES; SWIFT_ACTIVE_COMPILATION_CONDITIONS = "$(inherited) DEBUG"; SWIFT_OPTIMIZATION_LEVEL = "-Onone"; MACOSX_DEPLOYMENT_TARGET = 14.0; SDKROOT = macosx; }; name = Debug; };
		54CEAA3A8C8F44F383E55F12 = {isa = XCBuildConfiguration; buildSettings = {ALWAYS_SEARCH_USER_PATHS = NO; CLANG_ENABLE_MODULES = YES; COPY_PHASE_STRIP = NO; DEBUG_INFORMATION_FORMAT = "dwarf-with-dsym"; SWIFT_OPTIMIZATION_LEVEL = "-O"; MACOSX_DEPLOYMENT_TARGET = 14.0; SDKROOT = macosx; }; name = Release; };
		41F12970279243A093B4FEC4 = {isa = XCBuildConfiguration; buildSettings = {ASSETCATALOG_COMPILER_APPICON_NAME = AppIcon; CODE_SIGN_ENTITLEMENTS = BlueprintsBar/BlueprintsBar.entitlements; COMBINE_HIDPI_IMAGES = YES; CURRENT_PROJECT_VERSION = 1; GENERATE_INFOPLIST_FILE = YES; INFOPLIST_FILE = BlueprintsBar/Info.plist; INFOPLIST_KEY_LSUIElement = YES; INFOPLIST_KEY_NSHumanReadableCopyright = ""; LD_RUNPATH_SEARCH_PATHS = "$(inherited) @executable_path/../Frameworks"; MARKETING_VERSION = 1.0; PRODUCT_BUNDLE_IDENTIFIER = io.sanity.BlueprintsBar; PRODUCT_NAME = "$(TARGET_NAME)"; SWIFT_EMIT_LOC_STRINGS = YES; SWIFT_VERSION = 6.0;}; name = Debug; };
		0BBB0B4270BB4DDE989D33FA = {isa = XCBuildConfiguration; buildSettings = {ASSETCATALOG_COMPILER_APPICON_NAME = AppIcon; CODE_SIGN_ENTITLEMENTS = BlueprintsBar/BlueprintsBar.entitlements; COMBINE_HIDPI_IMAGES = YES; CURRENT_PROJECT_VERSION = 1; GENERATE_INFOPLIST_FILE = YES; INFOPLIST_FILE = BlueprintsBar/Info.plist; INFOPLIST_KEY_LSUIElement = YES; INFOPLIST_KEY_NSHumanReadableCopyright = ""; LD_RUNPATH_SEARCH_PATHS = "$(inherited) @executable_path/../Frameworks"; MARKETING_VERSION = 1.0; PRODUCT_BUNDLE_IDENTIFIER = io.sanity.BlueprintsBar; PRODUCT_NAME = "$(TARGET_NAME)"; SWIFT_EMIT_LOC_STRINGS = YES; SWIFT_VERSION = 6.0;}; name = Release; };
/* End XCBuildConfiguration section */

/* Begin XCConfigurationList section */
		95F61C3603664DC59A359131 = {isa = XCConfigurationList; buildConfigurations = (B46DD835705A47EF94704CAC, 54CEAA3A8C8F44F383E55F12); defaultConfigurationIsVisible = 0; defaultConfigurationName = Release; };
		7D4E5D17D86B46B1B0C4B3C6 = {isa = XCConfigurationList; buildConfigurations = (41F12970279243A093B4FEC4, 0BBB0B4270BB4DDE989D33FA); defaultConfigurationIsVisible = 0; defaultConfigurationName = Release; };
/* End XCConfigurationList section */

	};
	rootObject = 64AA580FC0E543ED81841A61;
}
